# This file is autogenerated, do not edit; changes may be undone by the next 'dep ensure'.


[[projects]]
  name = "cloud.google.com/go"
  packages = ["compute/metadata"]
  revision = "050b16d2314d5fc3d4c9a51e4cd5c7468e77f162"
  version = "v0.17.0"

[[projects]]
  branch = "master"
  name = "code.cloudfoundry.org/bbs"
  packages = [".","encryption","events","format","models"]
  revision = "9b7c8f2e1df2f7d9cc80146d097647ace27aceaf"

[[projects]]
  branch = "master"
  name = "code.cloudfoundry.org/cfhttp"
  packages = [".","unix_transport"]
  revision = "08baa6b247caf03100a743f6c3c426d28e55336a"

[[projects]]
  branch = "master"
  name = "code.cloudfoundry.org/clock"
  packages = ["."]
  revision = "2269160ae1757f96bbb8c6475e6fa36c805e73e0"

[[projects]]
  branch = "master"
  name = "code.cloudfoundry.org/diego-ssh"
  packages = ["helpers","keys","routes"]
  revision = "fab225920d983f91da958bc3eb258425f191debf"

[[projects]]
  branch = "master"
  name = "code.cloudfoundry.org/lager"
  packages = [".","lagerctx","lagertest"]
  revision = "0bfa98e49e7a976af91e918d47978f07c00b081f"

[[projects]]
  branch = "master"
  name = "code.cloudfoundry.org/nsync"
  packages = ["bulk","helpers","recipebuilder"]
  revision = "5a15eb29fb0acc23b34993ea326b1c76d9017265"

[[projects]]
  branch = "master"
  name = "code.cloudfoundry.org/runtimeschema"
  packages = ["cc_messages","metric"]
  revision = "d1b745afbaba77a2ed2a15d07df773f8218b860a"

[[projects]]
  branch = "master"
  name = "code.cloudfoundry.org/urljoiner"
  packages = ["."]
  revision = "5cabba6c0a5085a9d07c2c54e01df65c6122e450"

[[projects]]
  branch = "master"
  name = "code.cloudfoundry.org/workpool"
  packages = ["."]
  revision = "99757edba73523adac0d2460f4c3555f938663b5"

[[projects]]
  name = "github.com/Azure/go-autorest"
  packages = ["autorest","autorest/adal","autorest/azure","autorest/date"]
  revision = "3b13154dcaec43ea581ea56cbf6645e5bcbe8be0"
  version = "v9.5.3"

[[projects]]
  branch = "master"
  name = "github.com/JulzDiverse/cfclient"
  packages = ["."]
  revision = "a4b1e377fce5f05ba1bb1d4402c1f1391deb5407"

[[projects]]
  name = "github.com/PuerkitoBio/purell"
  packages = ["."]
  revision = "0bcb03f4b4d0a9428594752bd2a3b9aa0a9d4bd4"
  version = "v1.1.0"

[[projects]]
  branch = "master"
  name = "github.com/PuerkitoBio/urlesc"
  packages = ["."]
  revision = "de5bf2ad457846296e2031421a34e2568e304e35"

[[projects]]
  branch = "master"
  name = "github.com/bmizerany/pat"
  packages = ["."]
  revision = "6226ea591a40176dd3ff9cd8eff81ed6ca721a00"

[[projects]]
  branch = "master"
  name = "github.com/cloudfoundry-incubator/routing-info"
  packages = ["cfroutes","tcp_routes"]
  revision = "71334a8630c691bf952b0f4b3c6a11b9c3c45335"

[[projects]]
  name = "github.com/cloudfoundry/dropsonde"
  packages = ["metric_sender","metrics"]
  revision = "fe07f64fd1fd25f3c920e9183edd71de6895f1d8"
  version = "v1.0.0"

[[projects]]
  branch = "master"
  name = "github.com/cloudfoundry/sonde-go"
  packages = ["events"]
  revision = "c48c4f0332609a0e402af4ae31595204c9f7b363"

[[projects]]
  name = "github.com/davecgh/go-spew"
  packages = ["spew"]
  revision = "346938d642f2ec3594ed81d874461961cd0faa76"
  version = "v1.1.0"

[[projects]]
  name = "github.com/dgrijalva/jwt-go"
  packages = ["."]
  revision = "dbeaa9332f19a944acb5736b4456cfcc02140e29"
  version = "v3.1.0"

[[projects]]
  name = "github.com/emicklei/go-restful"
  packages = [".","log"]
  revision = "5741799b275a3c4a5a9623a993576d7545cf7b5c"
  version = "v2.4.0"

[[projects]]
  name = "github.com/emicklei/go-restful-swagger12"
  packages = ["."]
  revision = "dcef7f55730566d41eae5db10e7d6981829720f6"
  version = "1.0.1"

[[projects]]
  name = "github.com/ghodss/yaml"
  packages = ["."]
  revision = "0ca9ea5df5451ffdf184b4428c902747c2c11cd7"
  version = "v1.0.0"

[[projects]]
  branch = "master"
  name = "github.com/go-openapi/jsonpointer"
  packages = ["."]
  revision = "779f45308c19820f1a69e9a4cd965f496e0da10f"

[[projects]]
  branch = "master"
  name = "github.com/go-openapi/jsonreference"
  packages = ["."]
  revision = "36d33bfe519efae5632669801b180bf1a245da3b"

[[projects]]
  branch = "master"
  name = "github.com/go-openapi/spec"
  packages = ["."]
  revision = "a4fa9574c7aa73b2fc54e251eb9524d0482bb592"

[[projects]]
  branch = "master"
  name = "github.com/go-openapi/swag"
  packages = ["."]
  revision = "f3f9494671f93fcff853e3c6e9e948b3eb71e590"

[[projects]]
  name = "github.com/gogo/protobuf"
  packages = ["gogoproto","proto","protoc-gen-gogo/descriptor","sortkeys"]
  revision = "342cbe0a04158f6dcb03ca0079991a51a4248c02"
  version = "v0.5"

[[projects]]
  branch = "master"
  name = "github.com/golang/glog"
  packages = ["."]
  revision = "23def4e6c14b4da8ac2ed8007337bc5eb5007998"

[[projects]]
  branch = "master"
  name = "github.com/golang/protobuf"
  packages = ["proto","ptypes","ptypes/any","ptypes/duration","ptypes/timestamp"]
  revision = "1643683e1b54a9e88ad26d98f81400c8c9d9f4f9"

[[projects]]
  branch = "master"
  name = "github.com/google/btree"
  packages = ["."]
  revision = "316fb6d3f031ae8f4d457c6c5186b9e3ded70435"

[[projects]]
  branch = "master"
  name = "github.com/google/gofuzz"
  packages = ["."]
  revision = "24818f796faf91cd76ec7bddd72458fbced7a6c1"

[[projects]]
  name = "github.com/googleapis/gnostic"
  packages = ["OpenAPIv2","compiler","extensions"]
  revision = "ee43cbb60db7bd22502942cccbc39059117352ab"
  version = "v0.1.0"

[[projects]]
  branch = "master"
  name = "github.com/gophercloud/gophercloud"
  packages = [".","openstack","openstack/identity/v2/tenants","openstack/identity/v2/tokens","openstack/identity/v3/tokens","openstack/utils","pagination"]
  revision = "92fb632e86f730790c3d240e468617c6f8d4a3bf"

[[projects]]
  name = "github.com/gorilla/context"
  packages = ["."]
  revision = "1ea25387ff6f684839d82767c1733ff4d4d15d0a"
  version = "v1.1"

[[projects]]
  name = "github.com/gorilla/mux"
  packages = ["."]
  revision = "7f08801859139f86dfafd1c296e2cba9a80d292e"
  version = "v1.6.0"

[[projects]]
  branch = "master"
  name = "github.com/gregjones/httpcache"
  packages = [".","diskcache"]
  revision = "22a0b1feae53974ed4cfe27bcce70dba061cc5fd"

[[projects]]
  branch = "master"
  name = "github.com/howeyc/gopass"
  packages = ["."]
  revision = "bf9dde6d0d2c004a008c27aaee91170c786f6db8"

[[projects]]
  name = "github.com/imdario/mergo"
  packages = ["."]
  revision = "7fe0c75c13abdee74b09fcacef5ea1c6bba6a874"
  version = "0.2.4"

[[projects]]
  name = "github.com/json-iterator/go"
  packages = ["."]
  revision = "6240e1e7983a85228f7fd9c3e1b6932d46ec58e2"
  version = "1.0.3"

[[projects]]
  branch = "master"
  name = "github.com/juju/ratelimit"
  packages = ["."]
  revision = "59fac5042749a5afb9af70e813da1dd5474f0167"

[[projects]]
  name = "github.com/julienschmidt/httprouter"
  packages = ["."]
  revision = "8c199fb6259ffc1af525cc3ad52ee60ba8359669"
  version = "v1.1"

[[projects]]
  branch = "master"
  name = "github.com/mailru/easyjson"
  packages = [".","buffer","jlexer","jwriter"]
  revision = "5f62e4f3afa2f576dc86531b7df4d966b19ef8f8"

[[projects]]
  name = "github.com/mattn/go-isatty"
  packages = ["."]
  revision = "0360b2af4f38e8d38c7fce2a9f4e702702d73a39"
  version = "v0.0.3"

[[projects]]
  name = "github.com/nats-io/go-nats"
  packages = [".","encoders/builtin","util"]
  revision = "062418ea1c2181f52dc0f954f6204370519a868b"
  version = "v1.5.0"

[[projects]]
  name = "github.com/nats-io/nuid"
  packages = ["."]
  revision = "289cccf02c178dc782430d534e3c1f5b72af807f"
  version = "v1.0.0"

[[projects]]
  name = "github.com/onsi/ginkgo"
  packages = [".","config","internal/codelocation","internal/containernode","internal/failer","internal/leafnodes","internal/remote","internal/spec","internal/spec_iterator","internal/specrunner","internal/suite","internal/testingtproxy","internal/writer","reporters","reporters/stenographer","reporters/stenographer/support/go-colorable","reporters/stenographer/support/go-isatty","types"]
  revision = "9eda700730cba42af70d53180f9dcce9266bc2bc"
  version = "v1.4.0"

[[projects]]
  name = "github.com/onsi/gomega"
  packages = [".","format","gbytes","gexec","ghttp","internal/assertion","internal/asyncassertion","internal/oraclematcher","internal/testingtsupport","matchers","matchers/support/goraph/bipartitegraph","matchers/support/goraph/edge","matchers/support/goraph/node","matchers/support/goraph/util","types"]
  revision = "c893efa28eb45626cdaa76c9f653b62488858837"
  version = "v1.2.0"

[[projects]]
  branch = "master"
  name = "github.com/petar/GoLLRB"
  packages = ["llrb"]
  revision = "53be0d36a84c2a886ca057d34b6aa4468df9ccb4"

[[projects]]
  name = "github.com/peterbourgon/diskv"
  packages = ["."]
  revision = "5f041e8faa004a95c88a202771f4cc3e991971e6"
  version = "v2.0.1"

[[projects]]
  name = "github.com/pkg/errors"
  packages = ["."]
  revision = "645ef00459ed84a119197bfb8d8205042c6df63d"
  version = "v0.8.0"

[[projects]]
  name = "github.com/spf13/pflag"
  packages = ["."]
  revision = "e57e3eeb33f795204c1ca35f56c44f83227c6e66"
  version = "v1.0.0"

[[projects]]
  branch = "master"
  name = "github.com/starkandwayne/goutils"
  packages = ["ansi"]
  revision = "64cf2cb9adc18df7cb7158a98cbd58569c7594e4"

[[projects]]
  name = "github.com/tedsuo/rata"
  packages = ["."]
  revision = "0649c23705dfb45a9693b668c4fc1c0666f485d9"
  version = "v1.0.0"

[[projects]]
  name = "github.com/urfave/cli"
  packages = ["."]
  revision = "cfb38830724cc34fedffe9a2a29fb54fa9169cd1"
  version = "v1.20.0"

[[projects]]
  branch = "master"
  name = "github.com/vito/go-sse"
  packages = ["sse"]
  revision = "fd69d275caac5d78d793e77ddbe9bd2001d9b88d"

[[projects]]
  branch = "master"
  name = "golang.org/x/crypto"
  packages = ["curve25519","ed25519","ed25519/internal/edwards25519","ssh","ssh/terminal"]
  revision = "687d4b818545e443c8ba223cbef20b1721afd4db"

[[projects]]
  branch = "master"
  name = "golang.org/x/net"
  packages = ["context","context/ctxhttp","html","html/atom","html/charset","http2","http2/hpack","idna","lex/httplex"]
  revision = "01c190206fbdffa42f334f4b2bf2220f50e64920"

[[projects]]
  branch = "master"
  name = "golang.org/x/oauth2"
  packages = [".","clientcredentials","google","internal","jws","jwt"]
  revision = "dfbc86644130ce8e95021c2c5b424bf5d76274a7"

[[projects]]
  branch = "master"
  name = "golang.org/x/sys"
  packages = ["unix","windows"]
  revision = "d4266bc12aae0b4128952c889b769442fce5d2f1"

[[projects]]
  branch = "master"
  name = "golang.org/x/text"
  packages = ["collate","collate/build","encoding","encoding/charmap","encoding/htmlindex","encoding/internal","encoding/internal/identifier","encoding/japanese","encoding/korean","encoding/simplifiedchinese","encoding/traditionalchinese","encoding/unicode","internal/colltab","internal/gen","internal/tag","internal/triegen","internal/ucd","internal/utf8internal","language","runes","secure/bidirule","transform","unicode/bidi","unicode/cldr","unicode/norm","unicode/rangetable","width"]
  revision = "88f656faf3f37f690df1a32515b479415e1a6769"

[[projects]]
  name = "google.golang.org/appengine"
  packages = [".","internal","internal/app_identity","internal/base","internal/datastore","internal/log","internal/modules","internal/remote_api","internal/urlfetch","urlfetch"]
  revision = "150dc57a1b433e64154302bdc40b6bb8aefa313a"
  version = "v1.0.0"

[[projects]]
  name = "gopkg.in/inf.v0"
  packages = ["."]
  revision = "3887ee99ecf07df5b447e9b00d9c0b2adaa9f3e4"
  version = "v0.9.0"

[[projects]]
  branch = "v2"
  name = "gopkg.in/yaml.v2"
  packages = ["."]
  revision = "eb3733d160e74a9c7e442f435eb3bea458e1d19f"

[[projects]]
  branch = "master"
  name = "k8s.io/api"
  packages = ["admissionregistration/v1alpha1","apps/v1beta1","apps/v1beta2","authentication/v1","authentication/v1beta1","authorization/v1","authorization/v1beta1","autoscaling/v1","autoscaling/v2beta1","batch/v1","batch/v1beta1","batch/v2alpha1","certificates/v1beta1","core/v1","extensions/v1beta1","networking/v1","policy/v1beta1","rbac/v1","rbac/v1alpha1","rbac/v1beta1","scheduling/v1alpha1","settings/v1alpha1","storage/v1","storage/v1beta1"]
  revision = "218912509d74a117d05a718bb926d0948e531c20"

[[projects]]
  branch = "master"
  name = "k8s.io/apimachinery"
  packages = ["pkg/api/equality","pkg/api/errors","pkg/api/meta","pkg/api/resource","pkg/apis/meta/v1","pkg/apis/meta/v1/unstructured","pkg/apis/meta/v1alpha1","pkg/conversion","pkg/conversion/queryparams","pkg/conversion/unstructured","pkg/fields","pkg/labels","pkg/runtime","pkg/runtime/schema","pkg/runtime/serializer","pkg/runtime/serializer/json","pkg/runtime/serializer/protobuf","pkg/runtime/serializer/recognizer","pkg/runtime/serializer/streaming","pkg/runtime/serializer/versioning","pkg/selection","pkg/types","pkg/util/clock","pkg/util/diff","pkg/util/errors","pkg/util/framer","pkg/util/intstr","pkg/util/json","pkg/util/net","pkg/util/runtime","pkg/util/sets","pkg/util/validation","pkg/util/validation/field","pkg/util/wait","pkg/util/yaml","pkg/version","pkg/watch","third_party/forked/golang/reflect"]
  revision = "18a564baac720819100827c16fdebcadb05b2d0d"

[[projects]]
  name = "k8s.io/client-go"
  packages = ["discovery","kubernetes","kubernetes/scheme","kubernetes/typed/admissionregistration/v1alpha1","kubernetes/typed/apps/v1beta1","kubernetes/typed/apps/v1beta2","kubernetes/typed/authentication/v1","kubernetes/typed/authentication/v1beta1","kubernetes/typed/authorization/v1","kubernetes/typed/authorization/v1beta1","kubernetes/typed/autoscaling/v1","kubernetes/typed/autoscaling/v2beta1","kubernetes/typed/batch/v1","kubernetes/typed/batch/v1beta1","kubernetes/typed/batch/v2alpha1","kubernetes/typed/certificates/v1beta1","kubernetes/typed/core/v1","kubernetes/typed/extensions/v1beta1","kubernetes/typed/networking/v1","kubernetes/typed/policy/v1beta1","kubernetes/typed/rbac/v1","kubernetes/typed/rbac/v1alpha1","kubernetes/typed/rbac/v1beta1","kubernetes/typed/scheduling/v1alpha1","kubernetes/typed/settings/v1alpha1","kubernetes/typed/storage/v1","kubernetes/typed/storage/v1beta1","pkg/version","plugin/pkg/client/auth","plugin/pkg/client/auth/azure","plugin/pkg/client/auth/gcp","plugin/pkg/client/auth/oidc","plugin/pkg/client/auth/openstack","rest","rest/watch","third_party/forked/golang/template","tools/auth","tools/clientcmd","tools/clientcmd/api","tools/clientcmd/api/latest","tools/clientcmd/api/v1","tools/metrics","tools/reference","transport","util/cert","util/flowcontrol","util/homedir","util/integer","util/jsonpath"]
  revision = "2ae454230481a7cb5544325e12ad7658ecccd19b"
  version = "v5.0.1"

[[projects]]
  branch = "master"
  name = "k8s.io/kube-openapi"
  packages = ["pkg/common"]
  revision = "39a7bf85c140f972372c2a0d1ee40adbf0c8bfe1"

[solve-meta]
  analyzer-name = "dep"
  analyzer-version = 1
  inputs-digest = "a44e75925ac9a331d1a217b5c68d5d16fb7b531d67aa8ffb9e097cce66c8ad98"
  solver-name = "gps-cdcl"
  solver-version = 1
